github.com/Songmu/prompter v0.5.0 h1:uf60xlFItY5nW+rlLJ2XIUfaUReo4gUEeftuUeHpio8=
github.com/Songmu/prompter v0.5.0/go.mod h1:S4Eg25l60kPlnfB2ttFVpvBKYw7RKJexzB3gzpAansY=
github.com/aws/aws-sdk-go-v2 v1.15.0/go.mod h1:lJYcuZZEHWNIb6ugJjbQY1fykdoobWbOS7kJYb4APoI=
github.com/aws/aws-sdk-go-v2 v1.16.8 h1:gOe9UPR98XSf7oEJCcojYg+N2/jCRm4DdeIsP85pIyQ=
github.com/aws/aws-sdk-go-v2 v1.16.8/go.mod h1:6CpKuLXg2w7If3ABZCl/qZ6rEgwtjZTn4eAf4RcEyuw=
github.com/aws/aws-sdk-go-v2/config v1.15.0 h1:cibCYF2c2uq0lsbu0Ggbg8RuGeiHCmXwUlTMS77CiK4=
github.com/aws/aws-sdk-go-v2/config v1.15.0/go.mod h1:NccaLq2Z9doMmeQXHQRrt2rm+2FbkrcPvfdbCaQn5hY=
github.com/aws/aws-sdk-go-v2/credentials v1.10.0 h1:M/FFpf2w31F7xqJqJLgiM0mFpLOtBvwZggORr6QCpo8=
github.com/aws/aws-sdk-go-v2/credentials v1.10.0/go.mod h1:HWJMr4ut5X+Lt/7epc7I6Llg5QIcoFHKAeIzw32t6EE=
github.com/aws/aws-sdk-go-v2/feature/ec2/imds v1.12.0 h1:gUlb+I7NwDtqJUIRcFYDiheYa97PdVHG/5Iz+SwdoHE=
github.com/aws/aws-sdk-go-v2/feature/ec2/imds v1.12.0/go.mod h1:prX26x9rmLwkEE1VVCelQOQgRN9sOVIssgowIJ270SE=
github.com/aws/aws-sdk-go-v2/internal/configsources v1.1.6/go.mod h1:SSPEdf9spsFgJyhjrXvawfpyzrXHBCUe+2eQ1CjC1Ak=
github.com/aws/aws-sdk-go-v2/internal/configsources v1.1.15 h1:bx5F2mr6H6FC7zNIQoDoUr8wEKnvmwRncujT3FYRtic=
github.com/aws/aws-sdk-go-v2/internal/configsources v1.1.15/go.mod h1:pWrr2OoHlT7M/Pd2y4HV3gJyPb3qj5qMmnPkKSNPYK4=
github.com/aws/aws-sdk-go-v2/internal/endpoints/v2 v2.4.0/go.mod h1:viTrxhAuejD+LszDahzAE2x40YjYWhMqzHxv2ZiWaME=
github.com/aws/aws-sdk-go-v2/internal/endpoints/v2 v2.4.9 h1:5sbyznZC2TeFpa4fvtpvpcGbzeXEEs1l1Jo51ynUNsQ=
github.com/aws/aws-sdk-go-v2/internal/endpoints/v2 v2.4.9/go.mod h1:08tUpeSGN33QKSO7fwxXczNfiwCpbj+GxK6XKwqWVv0=
github.com/aws/aws-sdk-go-v2/internal/ini v1.3.7 h1:QOMEP8jnO8sm0SX/4G7dbaIq2eEP2wcWEsF0jzrXLJc=
github.com/aws/aws-sdk-go-v2/internal/ini v1.3.7/go.mod h1:P5sjYYf2nc5dE6cZIzEMsVtq6XeLD7c4rM+kQJPrByA=
github.com/aws/aws-sdk-go-v2/service/ecs v1.18.0 h1:Gyn8eANWwZf5zF/ojPtuVZCbh1+A7zyhqbMXG4Oqp4o=
github.com/aws/aws-sdk-go-v2/service/ecs v1.18.0/go.mod h1:IMFY+VG/R/8MXaShcrlq7M8gfySqc7IIQTUWxJEw/FQ=
github.com/aws/aws-sdk-go-v2/service/internal/presigned-url v1.9.0 h1:YQ3fTXACo7xeAqg0NiqcCmBOXJruUfh+4+O2qxF2EjQ=
github.com/aws/aws-sdk-go-v2/service/internal/presigned-url v1.9.0/go.mod h1:R31ot6BgESRCIoxwfKtIHzZMo/vsZn2un81g9BJ4nmo=
github.com/aws/aws-sdk-go-v2/service/ssm v1.27.6 h1:dkh5kaNrTAAYu4ZLWP7kx+k3Nrh/9dkPRxJPsvs5nCQ=
github.com/aws/aws-sdk-go-v2/service/ssm v1.27.6/go.mod h1:fiFzQgj4xNOg4/wqmAiPvzgDMXPD+cUEplX/CYn+0j0=
github.com/aws/aws-sdk-go-v2/service/sso v1.11.0 h1:gZLEXLH6NiU8Y52nRhK1jA+9oz7LZzBK242fi/ziXa4=
github.com/aws/aws-sdk-go-v2/service/sso v1.11.0/go.mod h1:d1WcT0OjggjQCAdOkph8ijkr5sUwk1IH/VenOn7W1PU=
github.com/aws/aws-sdk-go-v2/service/sts v1.16.0 h1:0+X/rJ2+DTBKWbUsn7WtF0JvNk/fRf928vkFsXkbbZs=
github.com/aws/aws-sdk-go-v2/service/sts v1.16.0/go.mod h1:+8k4H2ASUZZXmjx/s3DFLo9tGBb44lkz3XcgfypJY7s=
github.com/aws/smithy-go v1.11.1/go.mod h1:3xHYmszWVx2c0kIwQeEVf9uSm4fYZt67FBJnwub1bgM=
github.com/aws/smithy-go v1.12.0 h1:gXpeZel/jPoWQ7OEmLIgCUnhkFftqNfwWUwAHSlp1v0=
github.com/aws/smithy-go v1.12.0/go.mod h1:Tg+OJXh4MB2R/uN61Ko2f6hTZwB/ZYGOtib8J3gBHzA=
github.com/davecgh/go-spew v1.1.0/go.mod h1:J7Y8YcW2NihsgmVo/mv3lAwl/skON4iLHjSsI+c5H38=
github.com/davecgh/go-spew v1.1.1 h1:vj9j/u1bqnvCEfJOwUhtlOARqs3+rkHYY13jYWTU97c=
github.com/davecgh/go-spew v1.1.1/go.mod h1:J7Y8YcW2NihsgmVo/mv3lAwl/skON4iLHjSsI+c5H38=
github.com/fatih/color v1.10.0/go.mod h1:ELkj/draVOlAH/xkhN6mQ50Qd0MPOk5AAr3maGEBuJM=
github.com/google/go-cmp v0.5.7/go.mod h1:n+brtR0CgQNWTVd5ZUFpTBC8YFBDLK/h/bpaJ8/DtOE=
github.com/google/go-cmp v0.5.8 h1:e6P7q2lk1O+qJJb4BtCQXlK8vWEO8V1ZeuEdJNOqZyg=
github.com/google/go-cmp v0.5.8/go.mod h1:17dUlkBOakJ0+DkrSSNjCkIjxS6bF9zb3elmeNGIjoY=
github.com/google/go-jsonnet v0.18.0 h1:/6pTy6g+Jh1a1I2UMoAODkqELFiVIdOxbNwv0DDzoOg=
github.com/google/go-jsonnet v0.18.0/go.mod h1:C3fTzyVJDslXdiTqw/bTFk7vSGyCtH3MGRbDfvEwGd0=
github.com/google/subcommands v1.2.0 h1:vWQspBTo2nEqTUFita5/KeEWlUL8kQObDFbub/EN9oE=
github.com/google/subcommands v1.2.0/go.mod h1:ZjhPrFU+Olkh9WazFPsl27BQ4UPiG37m3yTrtFlrHVk=
github.com/jmespath/go-jmespath v0.4.0 h1:BEgLn5cpjn8UN1mAw4NjwDrS35OdebyEtFe+9YPoQUg=
github.com/jmespath/go-jmespath v0.4.0/go.mod h1:T8mJZnbsbmF+m6zOOFylbeCJqk5+pHWvzYPziyZiYoo=
github.com/jmespath/go-jmespath/internal/testify v1.5.1 h1:shLQSRRSCCPj3f2gpwzGwWFoC7ycTf1rcQZHOlsJ6N8=
github.com/jmespath/go-jmespath/internal/testify v1.5.1/go.mod h1:L3OGu8Wl2/fWfCI6z80xFu9LTZmf1ZRjMHUOPmWr69U=
github.com/kr/pretty v0.1.0 h1:L/CwN0zerZDmRFUapSPitk6f+Q3+0za1rQkzVuMiMFI=
github.com/kr/pretty v0.1.0/go.mod h1:dAy3ld7l9f0ibDNOQOHHMYYIIbhfbHSm3C4ZsoJORNo=
github.com/kr/pty v1.1.1/go.mod h1:pFQYn66WHrOpPYNljwOMqo10TkYh1fy3cYio2l3bCsQ=
github.com/kr/text v0.1.0 h1:45sCR5RtlFHMR4UwH9sdQ5TC8v0qDQCHnXt+kaKSTVE=
github.com/kr/text v0.1.0/go.mod h1:4Jbv+DJW3UT/LiOwJeYQe1efqtUx/iVham/4vfdArNI=
github.com/mattn/go-colorable v0.1.8/go.mod h1:u6P/XSegPjTcexA+o6vUJrdnUu04hMope9wVRipJSqc=
github.com/mattn/go-isatty v0.0.12 h1:wuysRhFDzyxgEmMf5xjvJ2M9dZoWAXNNr5LSBS7uHXY=
github.com/mattn/go-isatty v0.0.12/go.mod h1:cbi8OIDigv2wuxKPP5vlRcQ1OAZbq2CE4Kysco4FUpU=
github.com/mattn/go-runewidth v0.0.9 h1:Lm995f3rfxdpd6TSmuVCHVb/QhupuXlYr8sCI/QdE+0=
github.com/mattn/go-runewidth v0.0.9/go.mod h1:H031xJmbD/WCDINGzjvQ9THkh0rPKHF+m2gUSrubnMI=
github.com/olekukonko/tablewriter v0.0.5 h1:P2Ga83D34wi1o9J6Wh1mRuqd4mF/x/lgBS7N7AbDhec=
github.com/olekukonko/tablewriter v0.0.5/go.mod h1:hPp6KlRPjbx+hW8ykQs1w3UBbZlj6HuIJcUGPhkA7kY=
github.com/pmezard/go-difflib v1.0.0 h1:4DBwDE0NGyQoBHbLQYPwSUPoCMWR5BEzIk/f1lZbAQM=
github.com/pmezard/go-difflib v1.0.0/go.mod h1:iKH77koFhYxTK1pcRnkKkqfTogsbg7gZNVY4sRDYZ/4=
github.com/sergi/go-diff v1.1.0 h1:we8PVUC3FE2uYfodKH/nBHMSetSfHDR6scGdBi+erh0=
github.com/sergi/go-diff v1.1.0/go.mod h1:STckp+ISIX8hZLjrqAeVduY0gWCT9IjLuqbuNXdaHfM=
github.com/stretchr/objx v0.1.0/go.mod h1:HFkY916IF+rwdDfMAkV7OtwuqBVzrE8GR6GFx+wExME=
github.com/stretchr/testify v1.4.0/go.mod h1:j7eGeouHqKxXV5pUuKE4zz7dFj8WfuZ+81PSLYec5m4=
golang.org/x/sys v0.0.0-20200116001909-b77594299b42/go.mod h1:h1NjWce9XRLGQEsW7wpKNCjG9DtNlClVuFLEZdDNbEs=
golang.org/x/sys v0.0.0-20200223170610-d5e6a3e2c0ae/go.mod h1:h1NjWce9XRLGQEsW7wpKNCjG9DtNlClVuFLEZdDNbEs=
golang.org/x/sys v0.0.0-20201119102817-f84b799fce68/go.mod h1:h1NjWce9XRLGQEsW7wpKNCjG9DtNlClVuFLEZdDNbEs=
golang.org/x/sys v0.0.0-20210319071255-635bc2c9138d h1:jbzgAvDZn8aEnytae+4ou0J0GwFZoHR0hOrTg4qH8GA=
golang.org/x/sys v0.0.0-20210319071255-635bc2c9138d/go.mod h1:h1NjWce9XRLGQEsW7wpKNCjG9DtNlClVuFLEZdDNbEs=
golang.org/x/term v0.0.0-20210317153231-de623e64d2a6 h1:EC6+IGYTjPpRfv9a2b/6Puw0W+hLtAhkV1tPsXhutqs=
golang.org/x/term v0.0.0-20210317153231-de623e64d2a6/go.mod h1:bj7SfCRtBDWHUb9snDiAeCFNEtKQo2Wmx5Cou7ajbmo=
golang.org/x/xerrors v0.0.0-20191204190536-9bdfabe68543/go.mod h1:I/5z698sn9Ka8TeJc9MKroUUfqBBauWjQqLJ2OPfmY0=
gopkg.in/check.v1 v0.0.0-20161208181325-20d25e280405/go.mod h1:Co6ibVJAznAaIkqp8huTwlJQCZ016jof/cbN4VW5Yz0=
gopkg.in/check.v1 v1.0.0-20190902080502-41f04d3bba15 h1:YR8cESwS4TdDjEe65xsg0ogRM/Nc3DYOhEAlW+xobZo=
gopkg.in/check.v1 v1.0.0-20190902080502-41f04d3bba15/go.mod h1:Co6ibVJAznAaIkqp8huTwlJQCZ016jof/cbN4VW5Yz0=
gopkg.in/yaml.v2 v2.2.2/go.mod h1:hI93XBmqTisBFMUTm0b8Fm+jr3Dg1NNxqwp+5A1VGuI=
gopkg.in/yaml.v2 v2.2.4/go.mod h1:hI93XBmqTisBFMUTm0b8Fm+jr3Dg1NNxqwp+5A1VGuI=
gopkg.in/yaml.v2 v2.2.7/go.mod h1:hI93XBmqTisBFMUTm0b8Fm+jr3Dg1NNxqwp+5A1VGuI=
gopkg.in/yaml.v2 v2.2.8/go.mod h1:hI93XBmqTisBFMUTm0b8Fm+jr3Dg1NNxqwp+5A1VGuI=
gopkg.in/yaml.v2 v2.4.0 h1:D8xgwECY7CYvx+Y2n4sBz93Jn9JRvxdiyyo8CTfuKaY=
gopkg.in/yaml.v2 v2.4.0/go.mod h1:RDklbk79AGWmwhnvt/jBztapEOGDOx6ZbXqjP6csGnQ=
sigs.k8s.io/yaml v1.1.0 h1:4A07+ZFc2wgJwo8YNlQpr1rVlgUDlxXHhPJciaPY5gs=
sigs.k8s.io/yaml v1.1.0/go.mod h1:UJmg0vDUVViEyp3mgSv9WPwZCDxu4rQW1olrI1uml+o=
