github.com/Songmu/prompter v0.5.1 h1:IAsttKsOZWSDw7bV1mtGn9TAmLFAjXbp9I/eYmUUogo=
github.com/Songmu/prompter v0.5.1/go.mod h1:CS3jEPD6h9IaLaG6afrl1orTgII9+uDWuw95dr6xHSw=
github.com/alecthomas/assert/v2 v2.1.0 h1:tbredtNcQnoSd3QBhQWI7QZ3XHOVkw1Moklp2ojoH/0=
github.com/alecthomas/kong v0.7.0 h1:YIjJUiR7AcmHxL87UlbPn0gyIGwl4+nYND0OQ4ojP7k=
github.com/alecthomas/kong v0.7.0/go.mod h1:n1iCIO2xS46oE8ZfYCNDqdR0b0wZNrXAIAqro/2132U=
github.com/alecthomas/repr v0.1.0 h1:ENn2e1+J3k09gyj2shc0dHr/yjaWSHRlrJ4DPMevDqE=
github.com/aws/aws-sdk-go-v2 v1.16.11/go.mod h1:WTACcleLz6VZTp7fak4EO5b9Q4foxbn+8PIz3PmyKlo=
github.com/aws/aws-sdk-go-v2 v1.17.1 h1:02c72fDJr87N8RAC2s3Qu0YuvMRZKNZJ9F+lAehCazk=
github.com/aws/aws-sdk-go-v2 v1.17.1/go.mod h1:JLnGeGONAyi2lWXI1p0PCIOIy333JMVK1U7Hf0aRFLw=
github.com/aws/aws-sdk-go-v2/config v1.17.1 h1:BWxTjokU/69BZ4DnLrZco6OvBDii6ToEdfBL/y5I1nA=
github.com/aws/aws-sdk-go-v2/config v1.17.1/go.mod h1:uOxDHjBemNTF2Zos+fgG0NNfE86wn1OAHDTGxjMEYi0=
github.com/aws/aws-sdk-go-v2/credentials v1.12.14 h1:AtVG/amkjbDBfnPr/tuW2IG18HGNznP6L12Dx0rLz+Q=
github.com/aws/aws-sdk-go-v2/credentials v1.12.14/go.mod h1:opAndTyq+YN7IpVG57z2CeNuXSQMqTYxGGlYH0m0RMY=
github.com/aws/aws-sdk-go-v2/feature/ec2/imds v1.12.12 h1:wgJBHO58Pc1V1QAnzdVM3JK3WbE/6eUF0JxCZ+/izz0=
github.com/aws/aws-sdk-go-v2/feature/ec2/imds v1.12.12/go.mod h1:aZ4vZnyUuxedC7eD4JyEHpGnCz+O2sHQEx3VvAwklSE=
github.com/aws/aws-sdk-go-v2/internal/configsources v1.1.18/go.mod h1:348MLhzV1GSlZSMusdwQpXKbhD7X2gbI/TxwAPKkYZQ=
github.com/aws/aws-sdk-go-v2/internal/configsources v1.1.25 h1:nBO/RFxeq/IS5G9Of+ZrgucRciie2qpLy++3UGZ+q2E=
github.com/aws/aws-sdk-go-v2/internal/configsources v1.1.25/go.mod h1:Zb29PYkf42vVYQY6pvSyJCJcFHlPIiY+YKdPtwnvMkY=
github.com/aws/aws-sdk-go-v2/internal/endpoints/v2 v2.4.12/go.mod h1:ckaCVTEdGAxO6KwTGzgskxR1xM+iJW4lxMyDFVda2Fc=
github.com/aws/aws-sdk-go-v2/internal/endpoints/v2 v2.4.19 h1:oRHDrwCTVT8ZXi4sr9Ld+EXk7N/KGssOr2ygNeojEhw=
github.com/aws/aws-sdk-go-v2/internal/endpoints/v2 v2.4.19/go.mod h1:6Q0546uHDp421okhmmGfbxzq2hBqbXFNpi4k+Q1JnQA=
github.com/aws/aws-sdk-go-v2/internal/ini v1.3.19 h1:g5qq9sgtEzt2szMaDqQO6fqKe026T6dHTFJp5NsPzkQ=
github.com/aws/aws-sdk-go-v2/internal/ini v1.3.19/go.mod h1:cVHo8KTuHjShb9V8/VjH3S/8+xPu16qx8fdGwmotJhE=
github.com/aws/aws-sdk-go-v2/service/cloudwatchlogs v1.15.14 h1:SO5LdqjF9dlURPzk3LNMzCz9RA5K8/yNOf6WpdoffJU=
github.com/aws/aws-sdk-go-v2/service/cloudwatchlogs v1.15.14/go.mod h1:62kPuTAGPxpvo/0y/+QvaFwHffIe4l8hmStHLwaisLI=
github.com/aws/aws-sdk-go-v2/service/ecs v1.20.0 h1:tFOfeyENzdOM5zKwGXdDsqeVJEjav8YLTb7tDehJ/c0=
github.com/aws/aws-sdk-go-v2/service/ecs v1.20.0/go.mod h1:NpR78BP2STxvF/R1GXLDM4gAEfjz68W/h0nC5b6Jk3s=
github.com/aws/aws-sdk-go-v2/service/internal/presigned-url v1.9.12 h1:7iPTTX4SAI2U2VOogD7/gmHlsgnYSgoNHt7MSQXtG2M=
github.com/aws/aws-sdk-go-v2/service/internal/presigned-url v1.9.12/go.mod h1:1TODGhheLWjpQWSuhYuAUWYTCKwEjx2iblIFKDHjeTc=
github.com/aws/aws-sdk-go-v2/service/sns v1.17.13 h1:sa8NDFztt68pihEfE31LhX+nJ1wDBJHcFh3T6crluDo=
github.com/aws/aws-sdk-go-v2/service/sns v1.17.13/go.mod h1:yE3hE9v3YRRI9Rsl38kYJ4fyZ6vKSljaZ+28W5xzqgM=
github.com/aws/aws-sdk-go-v2/service/ssm v1.27.9 h1:ov/M2qIWGG49RGucIwnUQcFPllKxQrKh6J6Fr4Cm6lM=
github.com/aws/aws-sdk-go-v2/service/ssm v1.27.9/go.mod h1:tHC1rUMDPt7ABC+ne8/jyzQ91rGqUFpvV08HUJmydWo=
github.com/aws/aws-sdk-go-v2/service/sso v1.11.17 h1:pXxu9u2z1UqSbjO9YA8kmFJBhFc1EVTDaf7A+S+Ivq8=
github.com/aws/aws-sdk-go-v2/service/sso v1.11.17/go.mod h1:mS5xqLZc/6kc06IpXn5vRxdLaED+jEuaSRv5BxtnsiY=
github.com/aws/aws-sdk-go-v2/service/sts v1.16.13 h1:dl8T0PJlN92rvEGOEUiD0+YPYdPEaCZK0TqHukvSfII=
github.com/aws/aws-sdk-go-v2/service/sts v1.16.13/go.mod h1:Ru3QVMLygVs/07UQ3YDur1AQZZp2tUNje8wfloFttC0=
github.com/aws/smithy-go v1.12.1/go.mod h1:Tg+OJXh4MB2R/uN61Ko2f6hTZwB/ZYGOtib8J3gBHzA=
github.com/aws/smithy-go v1.13.4 h1:/RN2z1txIJWeXeOkzX+Hk/4Uuvv7dWtCjbmVJcrskyk=
github.com/aws/smithy-go v1.13.4/go.mod h1:Tg+OJXh4MB2R/uN61Ko2f6hTZwB/ZYGOtib8J3gBHzA=
github.com/davecgh/go-spew v1.1.0/go.mod h1:J7Y8YcW2NihsgmVo/mv3lAwl/skON4iLHjSsI+c5H38=
github.com/davecgh/go-spew v1.1.1 h1:vj9j/u1bqnvCEfJOwUhtlOARqs3+rkHYY13jYWTU97c=
github.com/fujiwara/tracer v1.0.0-pre h1:fsIypRJWQ5L8soiCD2xlUdHif7tTQZcnAehpPBNR1Dw=
github.com/fujiwara/tracer v1.0.0-pre/go.mod h1:r2QzBEBNsW9OhmoVdmTANG+GEmxWNZk7317/mnW2yIw=
github.com/google/go-cmp v0.5.8 h1:e6P7q2lk1O+qJJb4BtCQXlK8vWEO8V1ZeuEdJNOqZyg=
github.com/google/go-cmp v0.5.8/go.mod h1:17dUlkBOakJ0+DkrSSNjCkIjxS6bF9zb3elmeNGIjoY=
github.com/hexops/gotextdiff v1.0.3 h1:gitA9+qJrrTCsiCl7+kh75nPqQt1cx4ZkudSTLoUqJM=
github.com/itchyny/gojq v0.12.11 h1:YhLueoHhHiN4mkfM+3AyJV6EPcCxKZsOnYf+aVSwaQw=
github.com/itchyny/gojq v0.12.11/go.mod h1:o3FT8Gkbg/geT4pLI0tF3hvip5F3Y/uskjRz9OYa38g=
github.com/itchyny/timefmt-go v0.1.5 h1:G0INE2la8S6ru/ZI5JecgyzbbJNs5lG1RcBqa7Jm6GE=
github.com/itchyny/timefmt-go v0.1.5/go.mod h1:nEP7L+2YmAbT2kZ2HfSs1d8Xtw9LY8D2stDBckWakZ8=
github.com/jmespath/go-jmespath v0.4.0 h1:BEgLn5cpjn8UN1mAw4NjwDrS35OdebyEtFe+9YPoQUg=
github.com/jmespath/go-jmespath v0.4.0/go.mod h1:T8mJZnbsbmF+m6zOOFylbeCJqk5+pHWvzYPziyZiYoo=
github.com/jmespath/go-jmespath/internal/testify v1.5.1 h1:shLQSRRSCCPj3f2gpwzGwWFoC7ycTf1rcQZHOlsJ6N8=
github.com/jmespath/go-jmespath/internal/testify v1.5.1/go.mod h1:L3OGu8Wl2/fWfCI6z80xFu9LTZmf1ZRjMHUOPmWr69U=
github.com/mattn/go-isatty v0.0.16 h1:bq3VjFmv/sOjHtdEhmkEV4x1AJtvUvOJ2PFAZ5+peKQ=
github.com/mattn/go-isatty v0.0.16/go.mod h1:kYGgaQfpe5nmfYZH+SKPsOc2e4SrIfOl2e/yFXSvRLM=
github.com/mattn/go-runewidth v0.0.9/go.mod h1:H031xJmbD/WCDINGzjvQ9THkh0rPKHF+m2gUSrubnMI=
github.com/mattn/go-runewidth v0.0.14 h1:+xnbZSEeDbOIg5/mE6JF0w6n9duR1l3/WmbinWVwUuU=
github.com/mattn/go-runewidth v0.0.14/go.mod h1:Jdepj2loyihRzMpdS35Xk/zdY8IAYHsh153qUoGf23w=
github.com/olekukonko/tablewriter v0.0.5 h1:P2Ga83D34wi1o9J6Wh1mRuqd4mF/x/lgBS7N7AbDhec=
github.com/olekukonko/tablewriter v0.0.5/go.mod h1:hPp6KlRPjbx+hW8ykQs1w3UBbZlj6HuIJcUGPhkA7kY=
github.com/pmezard/go-difflib v1.0.0 h1:4DBwDE0NGyQoBHbLQYPwSUPoCMWR5BEzIk/f1lZbAQM=
github.com/pmezard/go-difflib v1.0.0/go.mod h1:iKH77koFhYxTK1pcRnkKkqfTogsbg7gZNVY4sRDYZ/4=
github.com/rivo/uniseg v0.2.0/go.mod h1:J6wj4VEh+S6ZtnVlnTBMWIodfgj8LQOQFoIToxlJtxc=
github.com/rivo/uniseg v0.3.4 h1:3Z3Eu6FGHZWSfNKJTOUiPatWwfc7DzJRU04jFUqJODw=
github.com/rivo/uniseg v0.3.4/go.mod h1:FN3SvrM+Zdj16jyLfmOkMNblXMcoc8DfTHruCPUcx88=
github.com/samber/lo v1.36.0 h1:4LaOxH1mHnbDGhTVE0i1z8v/lWaQW8AIfOD3HU4mSaw=
github.com/samber/lo v1.36.0/go.mod h1:HLeWcJRRyLKp3+/XBJvOrerCQn9mhdKMHyd7IRlgeQ8=
github.com/stretchr/objx v0.1.0/go.mod h1:HFkY916IF+rwdDfMAkV7OtwuqBVzrE8GR6GFx+wExME=
github.com/stretchr/testify v1.8.0 h1:pSgiaMZlXftHpm5L7V1+rVB+AZJydKsMxsQBIJw4PKk=
github.com/thoas/go-funk v0.9.1 h1:O549iLZqPpTUQ10ykd26sZhzD+rmR5pWhuElrhbC20M=
golang.org/x/exp v0.0.0-20220303212507-bbda1eaf7a17 h1:3MTrJm4PyNL9NBqvYDSj3DHl46qQakyfqfWo4jgfaEM=
golang.org/x/exp v0.0.0-20220303212507-bbda1eaf7a17/go.mod h1:lgLbSvA5ygNOMpwM/9anMpWVlVJ7Z+cHWq/eFuinpGE=
golang.org/x/sys v0.0.0-20220811171246-fbc7d0a398ab/go.mod h1:oPkhp1MJrh7nUepCBck5+mAzfO9JrbApNNgaTdGDITg=
golang.org/x/sys v0.2.0 h1:ljd4t30dBnAvMZaQCevtY0xLLD0A+bRZXbgLMLU1F/A=
golang.org/x/sys v0.2.0/go.mod h1:oPkhp1MJrh7nUepCBck5+mAzfO9JrbApNNgaTdGDITg=
golang.org/x/term v0.0.0-20220722155259-a9ba230a4035 h1:Q5284mrmYTpACcm+eAKjKJH48BBwSyfJqmmGDTtT8Vc=
golang.org/x/term v0.0.0-20220722155259-a9ba230a4035/go.mod h1:jbD1KX2456YbFQfuXm/mYQcufACuNUgVhRMnK/tPxf8=
gopkg.in/check.v1 v0.0.0-20161208181325-20d25e280405/go.mod h1:Co6ibVJAznAaIkqp8huTwlJQCZ016jof/cbN4VW5Yz0=
gopkg.in/yaml.v2 v2.2.8/go.mod h1:hI93XBmqTisBFMUTm0b8Fm+jr3Dg1NNxqwp+5A1VGuI=
gopkg.in/yaml.v2 v2.4.0 h1:D8xgwECY7CYvx+Y2n4sBz93Jn9JRvxdiyyo8CTfuKaY=
gopkg.in/yaml.v2 v2.4.0/go.mod h1:RDklbk79AGWmwhnvt/jBztapEOGDOx6ZbXqjP6csGnQ=
gopkg.in/yaml.v3 v3.0.1 h1:fxVm/GzAzEWqLHuvctI91KS9hhNmmWOoWu0XTYJS7CA=
